
Microsoft Visual Studio Solution File, Format Version 12.00
# Visual Studio Version 17
VisualStudioVersion = 17.4.33213.308
MinimumVisualStudioVersion = 10.0.40219.1
Project("{FAE04EC0-301F-11D3-BF4B-00C04F79EFBC}") = "GiveRaiseProgram", "GiveRaiseProgram.csproj", "{5EFAEBC8-4EFF-47F4-BD2E-F628C7C9B830}"
EndProject
Global
	GlobalSection(SolutionConfigurationPlatforms) = preSolution
		Debug|Any CPU = Debug|Any CPU
		Release|Any CPU = Release|Any CPU
	EndGlobalSection
	GlobalSection(ProjectConfigurationPlatforms) = postSolution
		{5EFAEBC8-4EFF-47F4-BD2E-F628C7C9B830}.Debug|Any CPU.ActiveCfg = Debug|Any CPU
		{5EFAEBC8-4EFF-47F4-BD2E-F628C7C9B830}.Debug|Any CPU.Build.0 = Debug|Any CPU
		{5EFAEBC8-4EFF-47F4-BD2E-F628C7C9B830}.Release|Any CPU.ActiveCfg = Release|Any CPU
		{5EFAEBC8-4EFF-47F4-BD2E-F628C7C9B830}.Release|Any CPU.Build.0 = Release|Any CPU
	EndGlobalSection
	GlobalSection(SolutionProperties) = preSolution
		HideSolutionNode = FALSE
	EndGlobalSection
	GlobalSection(ExtensibilityGlobals) = postSolution
		SolutionGuid = {BCFC7B27-AEB6-4AA7-88F5-1F8DB247A45C}
	EndGlobalSection
EndGlobal
